
Microsoft Visual Studio Solution File, Format Version 12.00
# Visual Studio 2013
VisualStudioVersion = 12.0.30501.0
MinimumVisualStudioVersion = 10.0.40219.1
Project("{2150E333-8FDC-42A3-9474-1A3956D46DE8}") = "PublishScripts", "PublishScripts", "{6A347831-4A0E-4398-B16F-45E7D83A9412}"
	ProjectSection(SolutionItems) = preProject
		PublishScripts\AzureWebsitePublishModule.psm1 = PublishScripts\AzureWebsitePublishModule.psm1
		PublishScripts\Publish-WebApplicationWebsite.ps1 = PublishScripts\Publish-WebApplicationWebsite.ps1
	EndProjectSection
EndProject
Project("{2150E333-8FDC-42A3-9474-1A3956D46DE8}") = "Configurations", "Configurations", "{EA5ADD9F-2D3B-4C98-B8EF-A4FCB91246BC}"
	ProjectSection(SolutionItems) = preProject
		PublishScripts\Configurations\DIY-PodcastRss-WAWS-dev.json = PublishScripts\Configurations\DIY-PodcastRss-WAWS-dev.json
	EndProjectSection
EndProject
Project("{FAE04EC0-301F-11D3-BF4B-00C04F79EFBC}") = "DIY-PodcastRss", "Web\DIY-PodcastRss.csproj", "{EC0DF505-BF96-423C-8C56-5C78629AD9F9}"
EndProject
Project("{FAE04EC0-301F-11D3-BF4B-00C04F79EFBC}") = "DIYPodcastRss.Core", "Core\DIYPodcastRss.Core.csproj", "{FA815395-A3AF-45B3-83CC-06DF50ED7F2C}"
EndProject
Project("{FAE04EC0-301F-11D3-BF4B-00C04F79EFBC}") = "DIY-PodcastRss.Tests", "Tests\DIY-PodcastRss.Tests.csproj", "{12822E57-C1F8-4DE7-964C-D9AC1583C8B8}"
EndProject
Global
	GlobalSection(SolutionConfigurationPlatforms) = preSolution
		Debug|Any CPU = Debug|Any CPU
		Release|Any CPU = Release|Any CPU
	EndGlobalSection
	GlobalSection(ProjectConfigurationPlatforms) = postSolution
		{EC0DF505-BF96-423C-8C56-5C78629AD9F9}.Debug|Any CPU.ActiveCfg = Debug|Any CPU
		{EC0DF505-BF96-423C-8C56-5C78629AD9F9}.Debug|Any CPU.Build.0 = Debug|Any CPU
		{EC0DF505-BF96-423C-8C56-5C78629AD9F9}.Release|Any CPU.ActiveCfg = Release|Any CPU
		{EC0DF505-BF96-423C-8C56-5C78629AD9F9}.Release|Any CPU.Build.0 = Release|Any CPU
		{FA815395-A3AF-45B3-83CC-06DF50ED7F2C}.Debug|Any CPU.ActiveCfg = Debug|Any CPU
		{FA815395-A3AF-45B3-83CC-06DF50ED7F2C}.Debug|Any CPU.Build.0 = Debug|Any CPU
		{FA815395-A3AF-45B3-83CC-06DF50ED7F2C}.Release|Any CPU.ActiveCfg = Release|Any CPU
		{FA815395-A3AF-45B3-83CC-06DF50ED7F2C}.Release|Any CPU.Build.0 = Release|Any CPU
		{12822E57-C1F8-4DE7-964C-D9AC1583C8B8}.Debug|Any CPU.ActiveCfg = Debug|Any CPU
		{12822E57-C1F8-4DE7-964C-D9AC1583C8B8}.Debug|Any CPU.Build.0 = Debug|Any CPU
		{12822E57-C1F8-4DE7-964C-D9AC1583C8B8}.Release|Any CPU.ActiveCfg = Release|Any CPU
		{12822E57-C1F8-4DE7-964C-D9AC1583C8B8}.Release|Any CPU.Build.0 = Release|Any CPU
	EndGlobalSection
	GlobalSection(SolutionProperties) = preSolution
		HideSolutionNode = FALSE
	EndGlobalSection
	GlobalSection(NestedProjects) = preSolution
		{EA5ADD9F-2D3B-4C98-B8EF-A4FCB91246BC} = {6A347831-4A0E-4398-B16F-45E7D83A9412}
	EndGlobalSection
EndGlobal
